
Microsoft Visual Studio Solution File, Format Version 12.00
# Visual Studio Version 16
VisualStudioVersion = 16.0.30517.126
MinimumVisualStudioVersion = 10.0.40219.1
Project("{FAE04EC0-301F-11D3-BF4B-00C04F79EFBC}") = "Exercise_DateTypes", "Exercise_DateTypes\Exercise_DateTypes.csproj", "{43F524D6-C6C8-4BEE-84CC-D9FF5AB1A615}"
EndProject
Project("{FAE04EC0-301F-11D3-BF4B-00C04F79EFBC}") = "NumericTypes", "NumericTypes\NumericTypes.csproj", "{DA3C2233-D9DD-4F14-B192-6DE7076C8889}"
EndProject
Project("{FAE04EC0-301F-11D3-BF4B-00C04F79EFBC}") = "More-On-Numeric-Types", "More-On-Numeric-Types\More-On-Numeric-Types.csproj", "{1DFB758E-3B76-42CC-8855-A03946AB585F}"
EndProject
Project("{FAE04EC0-301F-11D3-BF4B-00C04F79EFBC}") = "Strings", "Strings\Strings.csproj", "{553A1AE5-1A44-4832-ADDF-12EB3C86B68E}"
EndProject
Global
	GlobalSection(SolutionConfigurationPlatforms) = preSolution
		Debug|Any CPU = Debug|Any CPU
		Release|Any CPU = Release|Any CPU
	EndGlobalSection
	GlobalSection(ProjectConfigurationPlatforms) = postSolution
		{43F524D6-C6C8-4BEE-84CC-D9FF5AB1A615}.Debug|Any CPU.ActiveCfg = Debug|Any CPU
		{43F524D6-C6C8-4BEE-84CC-D9FF5AB1A615}.Debug|Any CPU.Build.0 = Debug|Any CPU
		{43F524D6-C6C8-4BEE-84CC-D9FF5AB1A615}.Release|Any CPU.ActiveCfg = Release|Any CPU
		{43F524D6-C6C8-4BEE-84CC-D9FF5AB1A615}.Release|Any CPU.Build.0 = Release|Any CPU
		{DA3C2233-D9DD-4F14-B192-6DE7076C8889}.Debug|Any CPU.ActiveCfg = Debug|Any CPU
		{DA3C2233-D9DD-4F14-B192-6DE7076C8889}.Debug|Any CPU.Build.0 = Debug|Any CPU
		{DA3C2233-D9DD-4F14-B192-6DE7076C8889}.Release|Any CPU.ActiveCfg = Release|Any CPU
		{DA3C2233-D9DD-4F14-B192-6DE7076C8889}.Release|Any CPU.Build.0 = Release|Any CPU
		{1DFB758E-3B76-42CC-8855-A03946AB585F}.Debug|Any CPU.ActiveCfg = Debug|Any CPU
		{1DFB758E-3B76-42CC-8855-A03946AB585F}.Debug|Any CPU.Build.0 = Debug|Any CPU
		{1DFB758E-3B76-42CC-8855-A03946AB585F}.Release|Any CPU.ActiveCfg = Release|Any CPU
		{1DFB758E-3B76-42CC-8855-A03946AB585F}.Release|Any CPU.Build.0 = Release|Any CPU
		{553A1AE5-1A44-4832-ADDF-12EB3C86B68E}.Debug|Any CPU.ActiveCfg = Debug|Any CPU
		{553A1AE5-1A44-4832-ADDF-12EB3C86B68E}.Debug|Any CPU.Build.0 = Debug|Any CPU
		{553A1AE5-1A44-4832-ADDF-12EB3C86B68E}.Release|Any CPU.ActiveCfg = Release|Any CPU
		{553A1AE5-1A44-4832-ADDF-12EB3C86B68E}.Release|Any CPU.Build.0 = Release|Any CPU
	EndGlobalSection
	GlobalSection(SolutionProperties) = preSolution
		HideSolutionNode = FALSE
	EndGlobalSection
	GlobalSection(ExtensibilityGlobals) = postSolution
		SolutionGuid = {65BA51CD-9CF4-400B-AAC5-FE2C1DF44136}
	EndGlobalSection
EndGlobal
